
Microsoft Visual Studio Solution File, Format Version 12.00
# Visual Studio Version 16
VisualStudioVersion = 16.0.30413.136
MinimumVisualStudioVersion = 10.0.40219.1
Project("{FAE04EC0-301F-11D3-BF4B-00C04F79EFBC}") = "WebFormInvoiceAPI", "WebFormInvoiceAPI\WebFormInvoiceAPI.csproj", "{FCF4DBC6-7FCF-467F-B6E2-E29362922F58}"
EndProject
Global
	GlobalSection(SolutionConfigurationPlatforms) = preSolution
		Debug|Any CPU = Debug|Any CPU
		Release|Any CPU = Release|Any CPU
	EndGlobalSection
	GlobalSection(ProjectConfigurationPlatforms) = postSolution
		{FCF4DBC6-7FCF-467F-B6E2-E29362922F58}.Debug|Any CPU.ActiveCfg = Debug|Any CPU
		{FCF4DBC6-7FCF-467F-B6E2-E29362922F58}.Debug|Any CPU.Build.0 = Debug|Any CPU
		{FCF4DBC6-7FCF-467F-B6E2-E29362922F58}.Release|Any CPU.ActiveCfg = Release|Any CPU
		{FCF4DBC6-7FCF-467F-B6E2-E29362922F58}.Release|Any CPU.Build.0 = Release|Any CPU
	EndGlobalSection
	GlobalSection(SolutionProperties) = preSolution
		HideSolutionNode = FALSE
	EndGlobalSection
	GlobalSection(ExtensibilityGlobals) = postSolution
		SolutionGuid = {0010191E-91C5-4C6F-9BB5-8529ACF6E812}
	EndGlobalSection
EndGlobal
